<Solution>
  <Configurations>
    <Platform Name="Any CPU" />
    <Platform Name="x64" />
    <Platform Name="x86" />
  </Configurations>
  <Folder Name="/src/">
    <Project Path="src/KF.Time/KF.Time.csproj" />
  </Folder>
  <Folder Name="/tst/">
    <Project Path="tst/KF.Time.Tests/KF.Time.Tests.csproj" />
  </Folder>
</Solution>
